
Microsoft Visual Studio Solution File, Format Version 12.00
# Visual Studio Version 16
VisualStudioVersion = 16.0.30711.63
MinimumVisualStudioVersion = 10.0.40219.1
Project("{FAE04EC0-301F-11D3-BF4B-00C04F79EFBC}") = "Spice", "Spice\Spice.csproj", "{0EFBE30C-4872-4A05-BD07-EEE748CD21F2}"
EndProject
Global
	GlobalSection(SolutionConfigurationPlatforms) = preSolution
		Debug|Any CPU = Debug|Any CPU
		Release|Any CPU = Release|Any CPU
	EndGlobalSection
	GlobalSection(ProjectConfigurationPlatforms) = postSolution
		{0EFBE30C-4872-4A05-BD07-EEE748CD21F2}.Debug|Any CPU.ActiveCfg = Debug|Any CPU
		{0EFBE30C-4872-4A05-BD07-EEE748CD21F2}.Debug|Any CPU.Build.0 = Debug|Any CPU
		{0EFBE30C-4872-4A05-BD07-EEE748CD21F2}.Release|Any CPU.ActiveCfg = Release|Any CPU
		{0EFBE30C-4872-4A05-BD07-EEE748CD21F2}.Release|Any CPU.Build.0 = Release|Any CPU
	EndGlobalSection
	GlobalSection(SolutionProperties) = preSolution
		HideSolutionNode = FALSE
	EndGlobalSection
	GlobalSection(ExtensibilityGlobals) = postSolution
		SolutionGuid = {89ED03BB-5248-49BB-9313-9AD4435E6FA6}
	EndGlobalSection
EndGlobal
